
Microsoft Visual Studio Solution File, Format Version 12.00
# Visual Studio Version 17
VisualStudioVersion = 17.12.35527.113
MinimumVisualStudioVersion = 10.0.40219.1
Project("{FAE04EC0-301F-11D3-BF4B-00C04F79EFBC}") = "RCSTecMed_View", "RCSTecMed_View\RCSTecMed_View.csproj", "{389C189F-FA04-4524-A572-48C3AD9091AB}"
EndProject
Project("{FAE04EC0-301F-11D3-BF4B-00C04F79EFBC}") = "RCSTecMed_Model", "RCSTecMed_Model\RCSTecMed_Model.csproj", "{BD29A3B0-B065-46E4-BF42-89A44C176AB8}"
EndProject
Project("{FAE04EC0-301F-11D3-BF4B-00C04F79EFBC}") = "RCSTecMed_Controll", "RCSTecMed_Controll\RCSTecMed_Controll.csproj", "{6A5DA63D-49D4-44ED-8AB5-407B0CDA1074}"
EndProject
Global
	GlobalSection(SolutionConfigurationPlatforms) = preSolution
		Debug|Any CPU = Debug|Any CPU
		Release|Any CPU = Release|Any CPU
	EndGlobalSection
	GlobalSection(ProjectConfigurationPlatforms) = postSolution
		{389C189F-FA04-4524-A572-48C3AD9091AB}.Debug|Any CPU.ActiveCfg = Debug|Any CPU
		{389C189F-FA04-4524-A572-48C3AD9091AB}.Debug|Any CPU.Build.0 = Debug|Any CPU
		{389C189F-FA04-4524-A572-48C3AD9091AB}.Release|Any CPU.ActiveCfg = Release|Any CPU
		{389C189F-FA04-4524-A572-48C3AD9091AB}.Release|Any CPU.Build.0 = Release|Any CPU
		{BD29A3B0-B065-46E4-BF42-89A44C176AB8}.Debug|Any CPU.ActiveCfg = Debug|Any CPU
		{BD29A3B0-B065-46E4-BF42-89A44C176AB8}.Debug|Any CPU.Build.0 = Debug|Any CPU
		{BD29A3B0-B065-46E4-BF42-89A44C176AB8}.Release|Any CPU.ActiveCfg = Release|Any CPU
		{BD29A3B0-B065-46E4-BF42-89A44C176AB8}.Release|Any CPU.Build.0 = Release|Any CPU
		{6A5DA63D-49D4-44ED-8AB5-407B0CDA1074}.Debug|Any CPU.ActiveCfg = Debug|Any CPU
		{6A5DA63D-49D4-44ED-8AB5-407B0CDA1074}.Debug|Any CPU.Build.0 = Debug|Any CPU
		{6A5DA63D-49D4-44ED-8AB5-407B0CDA1074}.Release|Any CPU.ActiveCfg = Release|Any CPU
		{6A5DA63D-49D4-44ED-8AB5-407B0CDA1074}.Release|Any CPU.Build.0 = Release|Any CPU
	EndGlobalSection
	GlobalSection(SolutionProperties) = preSolution
		HideSolutionNode = FALSE
	EndGlobalSection
EndGlobal
